
Microsoft Visual Studio Solution File, Format Version 12.00
# Visual Studio Version 17
VisualStudioVersion = 17.11.35312.102
MinimumVisualStudioVersion = 10.0.40219.1
Project("{8BC9CEB8-8B4A-11D0-8D11-00A0C91BC942}") = "code", "code.vcxproj", "{D7658842-607D-4C1C-B59E-F71673E76167}"
EndProject
Global
	GlobalSection(SolutionConfigurationPlatforms) = preSolution
		Debug|x64 = Debug|x64
		Release|x64 = Release|x64
	EndGlobalSection
	GlobalSection(ProjectConfigurationPlatforms) = postSolution
		{D7658842-607D-4C1C-B59E-F71673E76167}.Debug|x64.ActiveCfg = Debug|x64
		{D7658842-607D-4C1C-B59E-F71673E76167}.Debug|x64.Build.0 = Debug|x64
		{D7658842-607D-4C1C-B59E-F71673E76167}.Release|x64.ActiveCfg = Release|x64
		{D7658842-607D-4C1C-B59E-F71673E76167}.Release|x64.Build.0 = Release|x64
	EndGlobalSection
	GlobalSection(SolutionProperties) = preSolution
		HideSolutionNode = FALSE
	EndGlobalSection
	GlobalSection(ExtensibilityGlobals) = postSolution
		SolutionGuid = {C3264284-086D-4E71-8E43-92D8CA43DB82}
	EndGlobalSection
EndGlobal
